
Microsoft Visual Studio Solution File, Format Version 12.00
# Visual Studio Version 17
VisualStudioVersion = 17.8.34322.80
MinimumVisualStudioVersion = 10.0.40219.1
Project("{F2A71F9B-5D33-465A-A702-920D77279786}") = "AdventOfCode", "AdventOfCode\AdventOfCode.fsproj", "{B8237144-851F-4F73-B0C0-9BDCAD208A06}"
EndProject
Global
	GlobalSection(SolutionConfigurationPlatforms) = preSolution
		Debug|Any CPU = Debug|Any CPU
		Release|Any CPU = Release|Any CPU
	EndGlobalSection
	GlobalSection(ProjectConfigurationPlatforms) = postSolution
		{B8237144-851F-4F73-B0C0-9BDCAD208A06}.Debug|Any CPU.ActiveCfg = Debug|Any CPU
		{B8237144-851F-4F73-B0C0-9BDCAD208A06}.Debug|Any CPU.Build.0 = Debug|Any CPU
		{B8237144-851F-4F73-B0C0-9BDCAD208A06}.Release|Any CPU.ActiveCfg = Release|Any CPU
		{B8237144-851F-4F73-B0C0-9BDCAD208A06}.Release|Any CPU.Build.0 = Release|Any CPU
	EndGlobalSection
	GlobalSection(SolutionProperties) = preSolution
		HideSolutionNode = FALSE
	EndGlobalSection
	GlobalSection(ExtensibilityGlobals) = postSolution
		SolutionGuid = {C6C31560-08EE-4539-8C83-79B59535F638}
	EndGlobalSection
EndGlobal
